
Microsoft Visual Studio Solution File, Format Version 12.00
# Visual Studio Version 17
VisualStudioVersion = 17.1.32328.378
MinimumVisualStudioVersion = 10.0.40219.1
Project("{9A19103F-16F7-4668-BE54-9A1E7A4F7556}") = "8 Nisan Cuma", "Questions 8 April\8 Nisan Cuma.csproj", "{4A3B62B4-3C4E-4951-8700-69A4D822426F}"
EndProject
Global
	GlobalSection(SolutionConfigurationPlatforms) = preSolution
		Debug|Any CPU = Debug|Any CPU
		Release|Any CPU = Release|Any CPU
	EndGlobalSection
	GlobalSection(ProjectConfigurationPlatforms) = postSolution
		{4A3B62B4-3C4E-4951-8700-69A4D822426F}.Debug|Any CPU.ActiveCfg = Debug|Any CPU
		{4A3B62B4-3C4E-4951-8700-69A4D822426F}.Debug|Any CPU.Build.0 = Debug|Any CPU
		{4A3B62B4-3C4E-4951-8700-69A4D822426F}.Release|Any CPU.ActiveCfg = Release|Any CPU
		{4A3B62B4-3C4E-4951-8700-69A4D822426F}.Release|Any CPU.Build.0 = Release|Any CPU
	EndGlobalSection
	GlobalSection(SolutionProperties) = preSolution
		HideSolutionNode = FALSE
	EndGlobalSection
	GlobalSection(ExtensibilityGlobals) = postSolution
		SolutionGuid = {81981B5D-2EB0-4F55-8C2F-E866262303C1}
	EndGlobalSection
EndGlobal
